
Microsoft Visual Studio Solution File, Format Version 12.00
# Visual Studio Version 17
VisualStudioVersion = 17.7.34221.43
MinimumVisualStudioVersion = 10.0.40219.1
Project("{FAE04EC0-301F-11D3-BF4B-00C04F79EFBC}") = "QuizServer.Domain", "QuizServer.Domain\QuizServer.Domain.csproj", "{E9955B4A-9CE5-4BFA-A702-7FD28116384F}"
EndProject
Project("{FAE04EC0-301F-11D3-BF4B-00C04F79EFBC}") = "QuizServer.Infrastructure", "QuizServer.Infrastructure\QuizServer.Infrastructure.csproj", "{B5AFC309-902A-4060-BDEA-D01B0004DBD4}"
EndProject
Project("{FAE04EC0-301F-11D3-BF4B-00C04F79EFBC}") = "QuizServer.WebApi", "QuizServer.WebApi\QuizServer.WebApi.csproj", "{CFC11232-8955-4272-95F5-A883BD610F02}"
EndProject
Global
	GlobalSection(SolutionConfigurationPlatforms) = preSolution
		Debug|Any CPU = Debug|Any CPU
		Release|Any CPU = Release|Any CPU
	EndGlobalSection
	GlobalSection(ProjectConfigurationPlatforms) = postSolution
		{E9955B4A-9CE5-4BFA-A702-7FD28116384F}.Debug|Any CPU.ActiveCfg = Debug|Any CPU
		{E9955B4A-9CE5-4BFA-A702-7FD28116384F}.Debug|Any CPU.Build.0 = Debug|Any CPU
		{E9955B4A-9CE5-4BFA-A702-7FD28116384F}.Release|Any CPU.ActiveCfg = Release|Any CPU
		{E9955B4A-9CE5-4BFA-A702-7FD28116384F}.Release|Any CPU.Build.0 = Release|Any CPU
		{B5AFC309-902A-4060-BDEA-D01B0004DBD4}.Debug|Any CPU.ActiveCfg = Debug|Any CPU
		{B5AFC309-902A-4060-BDEA-D01B0004DBD4}.Debug|Any CPU.Build.0 = Debug|Any CPU
		{B5AFC309-902A-4060-BDEA-D01B0004DBD4}.Release|Any CPU.ActiveCfg = Release|Any CPU
		{B5AFC309-902A-4060-BDEA-D01B0004DBD4}.Release|Any CPU.Build.0 = Release|Any CPU
		{CFC11232-8955-4272-95F5-A883BD610F02}.Debug|Any CPU.ActiveCfg = Debug|Any CPU
		{CFC11232-8955-4272-95F5-A883BD610F02}.Debug|Any CPU.Build.0 = Debug|Any CPU
		{CFC11232-8955-4272-95F5-A883BD610F02}.Release|Any CPU.ActiveCfg = Release|Any CPU
		{CFC11232-8955-4272-95F5-A883BD610F02}.Release|Any CPU.Build.0 = Release|Any CPU
	EndGlobalSection
	GlobalSection(SolutionProperties) = preSolution
		HideSolutionNode = FALSE
	EndGlobalSection
	GlobalSection(ExtensibilityGlobals) = postSolution
		SolutionGuid = {ADEB50CF-E048-49A8-B2DB-5D260D2B07DE}
	EndGlobalSection
EndGlobal
