
Microsoft Visual Studio Solution File, Format Version 12.00
# Visual Studio Version 17
VisualStudioVersion = 17.7.34003.232
MinimumVisualStudioVersion = 10.0.40219.1
Project("{9A19103F-16F7-4668-BE54-9A1E7A4F7556}") = "OnConfigurationVsDbContextOptions", "OnConfigurationVsDbContextOptions\OnConfigurationVsDbContextOptions.csproj", "{39141B59-A037-4445-80FA-53CC56366D3C}"
EndProject
Project("{9A19103F-16F7-4668-BE54-9A1E7A4F7556}") = "Identity", "Identity\Identity.csproj", "{900FCDBD-1B66-4A6C-90A3-A0F05F2B5CBD}"
EndProject
Project("{9A19103F-16F7-4668-BE54-9A1E7A4F7556}") = "eCommerceWebApi", "eCommerceWebApi\eCommerceWebApi.csproj", "{0B94A1ED-B7CD-4A8B-8650-7C07A8172AF0}"
EndProject
Project("{FAE04EC0-301F-11D3-BF4B-00C04F79EFBC}") = "Relationship", "Relationship\Relationship.csproj", "{1CD4FD3D-0F50-4F3D-B0B4-99EA3B6FCE45}"
EndProject
Project("{FAE04EC0-301F-11D3-BF4B-00C04F79EFBC}") = "BenchMark", "BenchMark\BenchMark.csproj", "{C080005C-7663-4A73-8D48-54BE10571DBC}"
EndProject
Project("{FAE04EC0-301F-11D3-BF4B-00C04F79EFBC}") = "DbFirst", "DbFirst\DbFirst.csproj", "{21277C50-C24F-48BF-807B-1DD1B5F19728}"
EndProject
Global
	GlobalSection(SolutionConfigurationPlatforms) = preSolution
		Debug|Any CPU = Debug|Any CPU
		Release|Any CPU = Release|Any CPU
	EndGlobalSection
	GlobalSection(ProjectConfigurationPlatforms) = postSolution
		{39141B59-A037-4445-80FA-53CC56366D3C}.Debug|Any CPU.ActiveCfg = Debug|Any CPU
		{39141B59-A037-4445-80FA-53CC56366D3C}.Debug|Any CPU.Build.0 = Debug|Any CPU
		{39141B59-A037-4445-80FA-53CC56366D3C}.Release|Any CPU.ActiveCfg = Release|Any CPU
		{39141B59-A037-4445-80FA-53CC56366D3C}.Release|Any CPU.Build.0 = Release|Any CPU
		{900FCDBD-1B66-4A6C-90A3-A0F05F2B5CBD}.Debug|Any CPU.ActiveCfg = Debug|Any CPU
		{900FCDBD-1B66-4A6C-90A3-A0F05F2B5CBD}.Debug|Any CPU.Build.0 = Debug|Any CPU
		{900FCDBD-1B66-4A6C-90A3-A0F05F2B5CBD}.Release|Any CPU.ActiveCfg = Release|Any CPU
		{900FCDBD-1B66-4A6C-90A3-A0F05F2B5CBD}.Release|Any CPU.Build.0 = Release|Any CPU
		{0B94A1ED-B7CD-4A8B-8650-7C07A8172AF0}.Debug|Any CPU.ActiveCfg = Debug|Any CPU
		{0B94A1ED-B7CD-4A8B-8650-7C07A8172AF0}.Debug|Any CPU.Build.0 = Debug|Any CPU
		{0B94A1ED-B7CD-4A8B-8650-7C07A8172AF0}.Release|Any CPU.ActiveCfg = Release|Any CPU
		{0B94A1ED-B7CD-4A8B-8650-7C07A8172AF0}.Release|Any CPU.Build.0 = Release|Any CPU
		{1CD4FD3D-0F50-4F3D-B0B4-99EA3B6FCE45}.Debug|Any CPU.ActiveCfg = Debug|Any CPU
		{1CD4FD3D-0F50-4F3D-B0B4-99EA3B6FCE45}.Debug|Any CPU.Build.0 = Debug|Any CPU
		{1CD4FD3D-0F50-4F3D-B0B4-99EA3B6FCE45}.Release|Any CPU.ActiveCfg = Release|Any CPU
		{1CD4FD3D-0F50-4F3D-B0B4-99EA3B6FCE45}.Release|Any CPU.Build.0 = Release|Any CPU
		{C080005C-7663-4A73-8D48-54BE10571DBC}.Debug|Any CPU.ActiveCfg = Debug|Any CPU
		{C080005C-7663-4A73-8D48-54BE10571DBC}.Debug|Any CPU.Build.0 = Debug|Any CPU
		{C080005C-7663-4A73-8D48-54BE10571DBC}.Release|Any CPU.ActiveCfg = Release|Any CPU
		{C080005C-7663-4A73-8D48-54BE10571DBC}.Release|Any CPU.Build.0 = Release|Any CPU
		{21277C50-C24F-48BF-807B-1DD1B5F19728}.Debug|Any CPU.ActiveCfg = Debug|Any CPU
		{21277C50-C24F-48BF-807B-1DD1B5F19728}.Debug|Any CPU.Build.0 = Debug|Any CPU
		{21277C50-C24F-48BF-807B-1DD1B5F19728}.Release|Any CPU.ActiveCfg = Release|Any CPU
		{21277C50-C24F-48BF-807B-1DD1B5F19728}.Release|Any CPU.Build.0 = Release|Any CPU
	EndGlobalSection
	GlobalSection(SolutionProperties) = preSolution
		HideSolutionNode = FALSE
	EndGlobalSection
	GlobalSection(ExtensibilityGlobals) = postSolution
		SolutionGuid = {B9B5B13C-EBF6-41D9-BE32-8633A8A28792}
	EndGlobalSection
EndGlobal
