
Microsoft Visual Studio Solution File, Format Version 12.00
# Visual Studio Version 17
VisualStudioVersion = 17.6.33829.357
MinimumVisualStudioVersion = 10.0.40219.1
Project("{9A19103F-16F7-4668-BE54-9A1E7A4F7556}") = "01.MyFirstApi", "01.MyFirstApi\01.MyFirstApi.csproj", "{B888EE5E-B9AA-43F0-A2F5-D14C25E3D9C9}"
EndProject
Global
	GlobalSection(SolutionConfigurationPlatforms) = preSolution
		Debug|Any CPU = Debug|Any CPU
		Release|Any CPU = Release|Any CPU
	EndGlobalSection
	GlobalSection(ProjectConfigurationPlatforms) = postSolution
		{B888EE5E-B9AA-43F0-A2F5-D14C25E3D9C9}.Debug|Any CPU.ActiveCfg = Debug|Any CPU
		{B888EE5E-B9AA-43F0-A2F5-D14C25E3D9C9}.Debug|Any CPU.Build.0 = Debug|Any CPU
		{B888EE5E-B9AA-43F0-A2F5-D14C25E3D9C9}.Release|Any CPU.ActiveCfg = Release|Any CPU
		{B888EE5E-B9AA-43F0-A2F5-D14C25E3D9C9}.Release|Any CPU.Build.0 = Release|Any CPU
	EndGlobalSection
	GlobalSection(SolutionProperties) = preSolution
		HideSolutionNode = FALSE
	EndGlobalSection
	GlobalSection(ExtensibilityGlobals) = postSolution
		SolutionGuid = {764AFBB5-EE25-4C88-9B83-8B98FC42BB27}
	EndGlobalSection
EndGlobal
